<?xml version="1.0" encoding="utf-8"?>
<Project ToolsVersion="4.0" xmlns="http://schemas.microsoft.com/developer/msbuild/2003">
  <ItemGroup>
    <Filter Include="Source Files">
      <UniqueIdentifier>{4FC737F1-C7A5-4376-A066-2A32D752A2FF}</UniqueIdentifier>
      <Extensions>cpp;c;cc;cxx;c++;cppm;ixx;def;odl;idl;hpj;bat;asm;asmx</Extensions>
    </Filter>
    <Filter Include="Header Files">
      <UniqueIdentifier>{93995380-89BD-4b04-88EB-625FBE52EBFB}</UniqueIdentifier>
      <Extensions>h;hh;hpp;hxx;h++;hm;inl;inc;ipp;xsd</Extensions>
    </Filter>
    <Filter Include="Resource Files">
      <UniqueIdentifier>{67DA6AB6-F800-4c08-8B7A-83BB121AAD01}</UniqueIdentifier>
      <Extensions>rc;ico;cur;bmp;dlg;rc2;rct;bin;rgs;gif;jpg;jpeg;jpe;resx;tiff;tif;png;wav;mfcribbon-ms</Extensions>
    </Filter>
  </ItemGroup>
  <ItemGroup>
    <ClInclude Include="Inc\ColorUI.h">
      <Filter>Header Files</Filter>
    </ClInclude>
    <ClInclude Include="Inc\D3D11DeviceResources.h">
      <Filter>Header Files</Filter>
    </ClInclude>
    <ClInclude Include="Inc\DPIScale_class.h">
      <Filter>Header Files</Filter>
    </ClInclude>
    <ClInclude Include="Inc\ErrorHandling.h">
      <Filter>Header Files</Filter>
    </ClInclude>
    <ClInclude Include="Inc\FlagsUI.h">
      <Filter>Header Files</Filter>
    </ClInclude>
    <ClInclude Include="Inc\GlobalValue.h">
      <Filter>Header Files</Filter>
    </ClInclude>
    <ClInclude Include="Inc\HelperWindowTools.h">
      <Filter>Header Files</Filter>
    </ClInclude>
    <ClInclude Include="Inc\LisaGui.h">
      <Filter>Header Files</Filter>
    </ClInclude>
    <ClInclude Include="Inc\MouseTrackEvents.h">
      <Filter>Header Files</Filter>
    </ClInclude>
    <ClInclude Include="Inc\pch.h">
      <Filter>Header Files</Filter>
    </ClInclude>
    <ClInclude Include="Inc\Primitives2D.h">
      <Filter>Header Files</Filter>
    </ClInclude>
    <ClInclude Include="Inc\TextFieldTools.h">
      <Filter>Header Files</Filter>
    </ClInclude>
    <ClInclude Include="Inc\Window.h">
      <Filter>Header Files</Filter>
    </ClInclude>
    <ClInclude Include="Inc\WindowTransformation.h">
      <Filter>Header Files</Filter>
    </ClInclude>
    <ClInclude Include="Inc\WndInitialize.h">
      <Filter>Header Files</Filter>
    </ClInclude>
    <ClInclude Include="Inc\Button.h">
      <Filter>Header Files</Filter>
    </ClInclude>
    <ClInclude Include="Inc\Elements.h">
      <Filter>Header Files</Filter>
    </ClInclude>
    <ClInclude Include="Inc\Text.h">
      <Filter>Header Files</Filter>
    </ClInclude>
    <ClInclude Include="Inc\Separator.h">
      <Filter>Header Files</Filter>
    </ClInclude>
    <ClInclude Include="Inc\Image.h">
      <Filter>Header Files</Filter>
    </ClInclude>
    <ClInclude Include="Inc\Field.h">
      <Filter>Header Files</Filter>
    </ClInclude>
    <ClInclude Include="Inc\Caching.h">
      <Filter>Header Files</Filter>
    </ClInclude>
  </ItemGroup>
  <ItemGroup>
    <ClCompile Include="Src\D3D11DeviceResources.cpp">
      <Filter>Source Files</Filter>
    </ClCompile>
    <ClCompile Include="Src\HelperWindowTools.cpp">
      <Filter>Source Files</Filter>
    </ClCompile>
    <ClCompile Include="Src\LisaGui.cpp">
      <Filter>Source Files</Filter>
    </ClCompile>
    <ClCompile Include="Src\MouseTrackEvents.cpp">
      <Filter>Source Files</Filter>
    </ClCompile>
    <ClCompile Include="Src\pch.cpp">
      <Filter>Source Files</Filter>
    </ClCompile>
    <ClCompile Include="Src\Primitives2D.cpp">
      <Filter>Source Files</Filter>
    </ClCompile>
    <ClCompile Include="Src\TextFieldTools.cpp">
      <Filter>Source Files</Filter>
    </ClCompile>
    <ClCompile Include="Src\Window.cpp">
      <Filter>Source Files</Filter>
    </ClCompile>
    <ClCompile Include="Src\WindowTransformation.cpp">
      <Filter>Source Files</Filter>
    </ClCompile>
    <ClCompile Include="Src\WndInitialize.cpp">
      <Filter>Source Files</Filter>
    </ClCompile>
    <ClCompile Include="Src\Button.cpp">
      <Filter>Source Files</Filter>
    </ClCompile>
    <ClCompile Include="Src\Elements.cpp">
      <Filter>Source Files</Filter>
    </ClCompile>
    <ClCompile Include="Src\Separator.cpp">
      <Filter>Source Files</Filter>
    </ClCompile>
    <ClCompile Include="Src\Text.cpp">
      <Filter>Source Files</Filter>
    </ClCompile>
    <ClCompile Include="Src\Image.cpp">
      <Filter>Source Files</Filter>
    </ClCompile>
    <ClCompile Include="Src\Field.cpp">
      <Filter>Source Files</Filter>
    </ClCompile>
    <ClCompile Include="Src\Caching.cpp">
      <Filter>Source Files</Filter>
    </ClCompile>
    <ClCompile Include="Src\ErrorHandling.cpp">
      <Filter>Source Files</Filter>
    </ClCompile>
  </ItemGroup>
</Project>