<?xml version="1.0" encoding="utf-8"?>
<Project ToolsVersion="4.0" xmlns="http://schemas.microsoft.com/developer/msbuild/2003">
  <ItemGroup>
    <Filter Include="Source Files">
      <UniqueIdentifier>{4FC737F1-C7A5-4376-A066-2A32D752A2FF}</UniqueIdentifier>
      <Extensions>cpp;c;cc;cxx;c++;cppm;ixx;def;odl;idl;hpj;bat;asm;asmx</Extensions>
    </Filter>
    <Filter Include="Header Files">
      <UniqueIdentifier>{93995380-89BD-4b04-88EB-625FBE52EBFB}</UniqueIdentifier>
      <Extensions>h;hh;hpp;hxx;h++;hm;inl;inc;ipp;xsd</Extensions>
    </Filter>
    <Filter Include="Resource Files">
      <UniqueIdentifier>{67DA6AB6-F800-4c08-8B7A-83BB121AAD01}</UniqueIdentifier>
      <Extensions>rc;ico;cur;bmp;dlg;rc2;rct;bin;rgs;gif;jpg;jpeg;jpe;resx;tiff;tif;png;wav;mfcribbon-ms</Extensions>
    </Filter>
    <Filter Include="Resource Files\Shaders">
      <UniqueIdentifier>{01693305-e8da-4109-87a1-181a2e680590}</UniqueIdentifier>
    </Filter>
    <Filter Include="Resource Files\Shaders\Compiled">
      <UniqueIdentifier>{ed574e4f-9944-497c-af61-346219138281}</UniqueIdentifier>
    </Filter>
  </ItemGroup>
  <ItemGroup>
    <ClInclude Include="Inc\AlignedNew.h">
      <Filter>Header Files</Filter>
    </ClInclude>
    <ClInclude Include="Inc\BinaryReader.h">
      <Filter>Header Files</Filter>
    </ClInclude>
    <ClInclude Include="Inc\CommonStates.h">
      <Filter>Header Files</Filter>
    </ClInclude>
    <ClInclude Include="Inc\dds.h">
      <Filter>Header Files</Filter>
    </ClInclude>
    <ClInclude Include="Inc\DDSTextureLoaderText.h">
      <Filter>Header Files</Filter>
    </ClInclude>
    <ClInclude Include="Inc\DescriptorHeap.h">
      <Filter>Header Files</Filter>
    </ClInclude>
    <ClInclude Include="Inc\DirectXHelpers.h">
      <Filter>Header Files</Filter>
    </ClInclude>
    <ClInclude Include="Inc\FindMedia.h">
      <Filter>Header Files</Filter>
    </ClInclude>
    <ClInclude Include="Inc\GraphicsMemory.h">
      <Filter>Header Files</Filter>
    </ClInclude>
    <ClInclude Include="Inc\LinearAllocator.h">
      <Filter>Header Files</Filter>
    </ClInclude>
    <ClInclude Include="Inc\LoaderHelpers.h">
      <Filter>Header Files</Filter>
    </ClInclude>
    <ClInclude Include="Inc\pch.h">
      <Filter>Header Files</Filter>
    </ClInclude>
    <ClInclude Include="Inc\PlatformHelpers.h">
      <Filter>Header Files</Filter>
    </ClInclude>
    <ClInclude Include="Inc\RenderTargetState.h">
      <Filter>Header Files</Filter>
    </ClInclude>
    <ClInclude Include="Inc\ResourceUploadBatch.h">
      <Filter>Header Files</Filter>
    </ClInclude>
    <ClInclude Include="Inc\SharedResourcePool.h">
      <Filter>Header Files</Filter>
    </ClInclude>
    <ClInclude Include="Inc\SimpleMath.h">
      <Filter>Header Files</Filter>
    </ClInclude>
    <ClInclude Include="Inc\SpriteBatch.h">
      <Filter>Header Files</Filter>
    </ClInclude>
    <ClInclude Include="Inc\SpriteFont.h">
      <Filter>Header Files</Filter>
    </ClInclude>
    <ClInclude Include="Inc\StepTimer.h">
      <Filter>Header Files</Filter>
    </ClInclude>
    <ClInclude Include="Inc\VertexTypes.h">
      <Filter>Header Files</Filter>
    </ClInclude>
    <ClInclude Include="Inc\d3dx12.h">
      <Filter>Header Files</Filter>
    </ClInclude>
  </ItemGroup>
  <ItemGroup>
    <None Include="Inc\SimpleMath.inl">
      <Filter>Header Files</Filter>
    </None>
    <None Include="Shaders\Compiled\GenerateMips_main.inc">
      <Filter>Resource Files\Shaders\Compiled</Filter>
    </None>
    <None Include="Shaders\Compiled\GenerateMips_main.pdb">
      <Filter>Resource Files\Shaders\Compiled</Filter>
    </None>
    <None Include="Shaders\Compiled\SpriteEffect_SpritePixelShader.inc">
      <Filter>Resource Files\Shaders\Compiled</Filter>
    </None>
    <None Include="Shaders\Compiled\SpriteEffect_SpritePixelShader.pdb">
      <Filter>Resource Files\Shaders\Compiled</Filter>
    </None>
    <None Include="Shaders\Compiled\SpriteEffect_SpritePixelShaderHeap.inc">
      <Filter>Resource Files\Shaders\Compiled</Filter>
    </None>
    <None Include="Shaders\Compiled\SpriteEffect_SpritePixelShaderHeap.pdb">
      <Filter>Resource Files\Shaders\Compiled</Filter>
    </None>
    <None Include="Shaders\Compiled\SpriteEffect_SpriteVertexShader.inc">
      <Filter>Resource Files\Shaders\Compiled</Filter>
    </None>
    <None Include="Shaders\Compiled\SpriteEffect_SpriteVertexShader.pdb">
      <Filter>Resource Files\Shaders\Compiled</Filter>
    </None>
    <None Include="Shaders\Compiled\SpriteEffect_SpriteVertexShaderHeap.inc">
      <Filter>Resource Files\Shaders\Compiled</Filter>
    </None>
    <None Include="Shaders\Compiled\SpriteEffect_SpriteVertexShaderHeap.pdb">
      <Filter>Resource Files\Shaders\Compiled</Filter>
    </None>
  </ItemGroup>
  <ItemGroup>
    <ClCompile Include="Src\BinaryReader.cpp">
      <Filter>Source Files</Filter>
    </ClCompile>
    <ClCompile Include="Src\CommonStates.cpp">
      <Filter>Source Files</Filter>
    </ClCompile>
    <ClCompile Include="Src\DDSTextureLoaderText.cpp">
      <Filter>Source Files</Filter>
    </ClCompile>
    <ClCompile Include="Src\DescriptorHeap.cpp">
      <Filter>Source Files</Filter>
    </ClCompile>
    <ClCompile Include="Src\DirectXHelpers.cpp">
      <Filter>Source Files</Filter>
    </ClCompile>
    <ClCompile Include="Src\GraphicsMemory.cpp">
      <Filter>Source Files</Filter>
    </ClCompile>
    <ClCompile Include="Src\LinearAllocator.cpp">
      <Filter>Source Files</Filter>
    </ClCompile>
    <ClCompile Include="Src\pch.cpp">
      <Filter>Source Files</Filter>
    </ClCompile>
    <ClCompile Include="Src\ResourceUploadBatch.cpp">
      <Filter>Source Files</Filter>
    </ClCompile>
    <ClCompile Include="Src\SimpleMath.cpp">
      <Filter>Source Files</Filter>
    </ClCompile>
    <ClCompile Include="Src\SpriteBatch.cpp">
      <Filter>Source Files</Filter>
    </ClCompile>
    <ClCompile Include="Src\SpriteFont.cpp">
      <Filter>Source Files</Filter>
    </ClCompile>
    <ClCompile Include="Src\VertexTypes.cpp">
      <Filter>Source Files</Filter>
    </ClCompile>
  </ItemGroup>
</Project>