<?xml version="1.0" encoding="utf-8"?>
<Project ToolsVersion="4.0" xmlns="http://schemas.microsoft.com/developer/msbuild/2003">
  <ItemGroup>
    <Filter Include="Source Files">
      <UniqueIdentifier>{4FC737F1-C7A5-4376-A066-2A32D752A2FF}</UniqueIdentifier>
      <Extensions>cpp;c;cc;cxx;c++;cppm;ixx;def;odl;idl;hpj;bat;asm;asmx</Extensions>
    </Filter>
    <Filter Include="Header Files">
      <UniqueIdentifier>{93995380-89BD-4b04-88EB-625FBE52EBFB}</UniqueIdentifier>
      <Extensions>h;hh;hpp;hxx;h++;hm;inl;inc;ipp;xsd</Extensions>
    </Filter>
    <Filter Include="Resource Files">
      <UniqueIdentifier>{67DA6AB6-F800-4c08-8B7A-83BB121AAD01}</UniqueIdentifier>
      <Extensions>rc;ico;cur;bmp;dlg;rc2;rct;bin;rgs;gif;jpg;jpeg;jpe;resx;tiff;tif;png;wav;mfcribbon-ms</Extensions>
    </Filter>
    <Filter Include="Resource Files\Shaders">
      <UniqueIdentifier>{e4d02cfe-ba15-4f62-a78e-60c2b1051d9d}</UniqueIdentifier>
    </Filter>
    <Filter Include="GUI">
      <UniqueIdentifier>{a25c6cf6-6c08-46ac-8b5e-4c86a87d133e}</UniqueIdentifier>
    </Filter>
    <Filter Include="GUI\Header Files">
      <UniqueIdentifier>{ba98e9fb-2dd9-4670-a5d1-cd8a1bfbf1b2}</UniqueIdentifier>
    </Filter>
    <Filter Include="GUI\Source Files">
      <UniqueIdentifier>{c393c485-b747-4bd5-ae92-7962fe452343}</UniqueIdentifier>
    </Filter>
    <Filter Include="DefaultData">
      <UniqueIdentifier>{a0cd0eb8-161b-40f9-8a48-c725cb360eef}</UniqueIdentifier>
    </Filter>
    <Filter Include="DefaultData\Header Files">
      <UniqueIdentifier>{bff0f04a-8589-4556-9cd9-6d28dcfa06e4}</UniqueIdentifier>
    </Filter>
    <Filter Include="DefaultData\Source Files">
      <UniqueIdentifier>{211f0544-ad85-44ef-a549-5e26518fc6d8}</UniqueIdentifier>
    </Filter>
    <Filter Include="Resource Files\Icon">
      <UniqueIdentifier>{183cfc65-f78d-48c1-85dc-cc87c12436aa}</UniqueIdentifier>
    </Filter>
    <Filter Include="GUI\Header Files\PopUpWindow">
      <UniqueIdentifier>{4a568871-46ac-49d2-accc-7ae2298674ac}</UniqueIdentifier>
    </Filter>
    <Filter Include="GUI\Source Files\PopUpWindow">
      <UniqueIdentifier>{e29ba18c-2341-43a4-bd20-f1977c490487}</UniqueIdentifier>
    </Filter>
  </ItemGroup>
  <ItemGroup>
    <ClInclude Include="Inc\AnimationHelper.h">
      <Filter>Header Files</Filter>
    </ClInclude>
    <ClInclude Include="Inc\AppColors.h">
      <Filter>Header Files</Filter>
    </ClInclude>
    <ClInclude Include="Inc\Camera.h">
      <Filter>Header Files</Filter>
    </ClInclude>
    <ClInclude Include="Inc\CustomTextures.h">
      <Filter>Header Files</Filter>
    </ClInclude>
    <ClInclude Include="Inc\d3dx12.h">
      <Filter>Header Files</Filter>
    </ClInclude>
    <ClInclude Include="Inc\DDSTextureLoader.h">
      <Filter>Header Files</Filter>
    </ClInclude>
    <ClInclude Include="Inc\DeviceResources.h">
      <Filter>Header Files</Filter>
    </ClInclude>
    <ClInclude Include="Inc\GameTimer.h">
      <Filter>Header Files</Filter>
    </ClInclude>
    <ClInclude Include="Inc\Geometry.h">
      <Filter>Header Files</Filter>
    </ClInclude>
    <ClInclude Include="Inc\HelperStructs.h">
      <Filter>Header Files</Filter>
    </ClInclude>
    <ClInclude Include="Inc\HelperUtilities.h">
      <Filter>Header Files</Filter>
    </ClInclude>
    <ClInclude Include="Inc\Materials.h">
      <Filter>Header Files</Filter>
    </ClInclude>
    <ClInclude Include="Inc\MathHelper.h">
      <Filter>Header Files</Filter>
    </ClInclude>
    <ClInclude Include="Inc\pch.h">
      <Filter>Header Files</Filter>
    </ClInclude>
    <ClInclude Include="Inc\PipelineState.h">
      <Filter>Header Files</Filter>
    </ClInclude>
    <ClInclude Include="Inc\PolygonPrimitives.h">
      <Filter>Header Files</Filter>
    </ClInclude>
    <ClInclude Include="Inc\RootSignature.h">
      <Filter>Header Files</Filter>
    </ClInclude>
    <ClInclude Include="Inc\ShadowMap.h">
      <Filter>Header Files</Filter>
    </ClInclude>
    <ClInclude Include="Inc\Ssao.h">
      <Filter>Header Files</Filter>
    </ClInclude>
    <ClInclude Include="Inc\Textures.h">
      <Filter>Header Files</Filter>
    </ClInclude>
    <ClInclude Include="Inc\UploadBuffer.h">
      <Filter>Header Files</Filter>
    </ClInclude>
    <ClInclude Include="Inc\UploadShaders.h">
      <Filter>Header Files</Filter>
    </ClInclude>
    <ClInclude Include="Inc\VertexStructs.h">
      <Filter>Header Files</Filter>
    </ClInclude>
    <ClInclude Include="Inc\XoshiroPRNGs.h">
      <Filter>Header Files</Filter>
    </ClInclude>
    <ClInclude Include="Inc\Grid.h">
      <Filter>Header Files</Filter>
    </ClInclude>
    <ClInclude Include="Inc\Viewport.h">
      <Filter>Header Files</Filter>
    </ClInclude>
    <ClInclude Include="Inc\HelperMath.h">
      <Filter>Header Files</Filter>
    </ClInclude>
    <ClInclude Include="Inc\Picking.h">
      <Filter>Header Files</Filter>
    </ClInclude>
    <ClInclude Include="Inc\Globals.h">
      <Filter>Header Files</Filter>
    </ClInclude>
    <ClInclude Include="Inc\CreatingPrimitives.h">
      <Filter>Header Files</Filter>
    </ClInclude>
    <ClInclude Include="Inc\Background.h">
      <Filter>Header Files</Filter>
    </ClInclude>
    <ClInclude Include="Inc\Lighting.h">
      <Filter>Header Files</Filter>
    </ClInclude>
    <ClInclude Include="Inc\MessageOnlyWindow.h">
      <Filter>Header Files</Filter>
    </ClInclude>
    <ClInclude Include="DefaultData\Inc\DefaultElementsData.h">
      <Filter>DefaultData\Header Files</Filter>
    </ClInclude>
    <ClInclude Include="IconResource\resource.h">
      <Filter>Header Files</Filter>
    </ClInclude>
    <ClInclude Include="GUI\Inc\PopUpWindow\PopUpWindow.h">
      <Filter>GUI\Header Files\PopUpWindow</Filter>
    </ClInclude>
    <ClInclude Include="GUI\Inc\SettingsWindow.h">
      <Filter>GUI\Header Files</Filter>
    </ClInclude>
    <ClInclude Include="GUI\Inc\ApplicationContent.h">
      <Filter>GUI\Header Files</Filter>
    </ClInclude>
    <ClInclude Include="GUI\Inc\CommandFunc.h">
      <Filter>GUI\Header Files</Filter>
    </ClInclude>
    <ClInclude Include="GUI\Inc\KeysBindingMap.h">
      <Filter>GUI\Header Files</Filter>
    </ClInclude>
    <ClInclude Include="Inc\Pivot.h">
      <Filter>Header Files</Filter>
    </ClInclude>
    <ClInclude Include="Inc\PivotTools.h">
      <Filter>Header Files</Filter>
    </ClInclude>
    <ClInclude Include="Inc\PivotTranslate.h">
      <Filter>Header Files</Filter>
    </ClInclude>
    <ClInclude Include="Inc\PivotRotate.h">
      <Filter>Header Files</Filter>
    </ClInclude>
    <ClInclude Include="Inc\PivotScale.h">
      <Filter>Header Files</Filter>
    </ClInclude>
  </ItemGroup>
  <ItemGroup>
    <ClCompile Include="Src\AnimationHelper.cpp">
      <Filter>Source Files</Filter>
    </ClCompile>
    <ClCompile Include="Src\Camera.cpp">
      <Filter>Source Files</Filter>
    </ClCompile>
    <ClCompile Include="Src\CustomTextures.cpp">
      <Filter>Source Files</Filter>
    </ClCompile>
    <ClCompile Include="Src\DDSTextureLoader.cpp">
      <Filter>Source Files</Filter>
    </ClCompile>
    <ClCompile Include="Src\DeviceResources.cpp">
      <Filter>Source Files</Filter>
    </ClCompile>
    <ClCompile Include="Src\GameTimer.cpp">
      <Filter>Source Files</Filter>
    </ClCompile>
    <ClCompile Include="Src\Geometry.cpp">
      <Filter>Source Files</Filter>
    </ClCompile>
    <ClCompile Include="Src\HelperUtilities.cpp">
      <Filter>Source Files</Filter>
    </ClCompile>
    <ClCompile Include="Src\Materials.cpp">
      <Filter>Source Files</Filter>
    </ClCompile>
    <ClCompile Include="Src\MathHelper.cpp">
      <Filter>Source Files</Filter>
    </ClCompile>
    <ClCompile Include="Src\PipelineState.cpp">
      <Filter>Source Files</Filter>
    </ClCompile>
    <ClCompile Include="Src\PolygonPrimitives.cpp">
      <Filter>Source Files</Filter>
    </ClCompile>
    <ClCompile Include="Src\RootSignature.cpp">
      <Filter>Source Files</Filter>
    </ClCompile>
    <ClCompile Include="Src\ShadowMap.cpp">
      <Filter>Source Files</Filter>
    </ClCompile>
    <ClCompile Include="Src\Ssao.cpp">
      <Filter>Source Files</Filter>
    </ClCompile>
    <ClCompile Include="Src\Viewport.cpp">
      <Filter>Source Files</Filter>
    </ClCompile>
    <ClCompile Include="Src\Textures.cpp">
      <Filter>Source Files</Filter>
    </ClCompile>
    <ClCompile Include="Src\UploadShaders.cpp">
      <Filter>Source Files</Filter>
    </ClCompile>
    <ClCompile Include="Src\VertexStructs.cpp">
      <Filter>Source Files</Filter>
    </ClCompile>
    <ClCompile Include="Src\Grid.cpp">
      <Filter>Source Files</Filter>
    </ClCompile>
    <ClCompile Include="Src\Picking.cpp">
      <Filter>Source Files</Filter>
    </ClCompile>
    <ClCompile Include="Src\HelperMath.cpp">
      <Filter>Source Files</Filter>
    </ClCompile>
    <ClCompile Include="Src\CreatingPrimitives.cpp">
      <Filter>Source Files</Filter>
    </ClCompile>
    <ClCompile Include="Src\ViewportWndProc.cpp">
      <Filter>Source Files</Filter>
    </ClCompile>
    <ClCompile Include="Src\main.cpp">
      <Filter>Source Files</Filter>
    </ClCompile>
    <ClCompile Include="Src\Background.cpp">
      <Filter>Source Files</Filter>
    </ClCompile>
    <ClCompile Include="Src\Lighting.cpp">
      <Filter>Source Files</Filter>
    </ClCompile>
    <ClCompile Include="GUI\Src\AboutContent.cpp">
      <Filter>GUI\Source Files</Filter>
    </ClCompile>
    <ClCompile Include="GUI\Src\CamerasContent.cpp">
      <Filter>GUI\Source Files</Filter>
    </ClCompile>
    <ClCompile Include="GUI\Src\LightsContent.cpp">
      <Filter>GUI\Source Files</Filter>
    </ClCompile>
    <ClCompile Include="GUI\Src\SettingsWindow.cpp">
      <Filter>GUI\Source Files</Filter>
    </ClCompile>
    <ClCompile Include="Src\MessageOnlyWindow.cpp">
      <Filter>Source Files</Filter>
    </ClCompile>
    <ClCompile Include="DefaultData\Src\DefaultElementsData.cpp">
      <Filter>DefaultData\Source Files</Filter>
    </ClCompile>
    <ClCompile Include="GUI\Src\PopUpWindow\PopUpWindow.cpp">
      <Filter>GUI\Source Files\PopUpWindow</Filter>
    </ClCompile>
    <ClCompile Include="GUI\Src\ApplicationContent.cpp">
      <Filter>GUI\Source Files</Filter>
    </ClCompile>
    <ClCompile Include="GUI\Src\CommandFunc.cpp">
      <Filter>GUI\Source Files</Filter>
    </ClCompile>
    <ClCompile Include="Src\Pivot.cpp">
      <Filter>Source Files</Filter>
    </ClCompile>
    <ClCompile Include="Src\PivotTools.cpp">
      <Filter>Source Files</Filter>
    </ClCompile>
    <ClCompile Include="Src\PivotTranslate.cpp">
      <Filter>Source Files</Filter>
    </ClCompile>
    <ClCompile Include="Src\PivotRotate.cpp">
      <Filter>Source Files</Filter>
    </ClCompile>
    <ClCompile Include="Src\PivotScale.cpp">
      <Filter>Source Files</Filter>
    </ClCompile>
  </ItemGroup>
  <ItemGroup>
    <FxCompile Include="Resources\Shaders\PivotCenterFrame.hlsl">
      <Filter>Resource Files\Shaders</Filter>
    </FxCompile>
    <FxCompile Include="Resources\Shaders\BlurPixelShader.hlsl">
      <Filter>Resource Files\Shaders</Filter>
    </FxCompile>
    <FxCompile Include="Resources\Shaders\Common.hlsl">
      <Filter>Resource Files\Shaders</Filter>
    </FxCompile>
    <FxCompile Include="Resources\Shaders\DrawNormals.hlsl">
      <Filter>Resource Files\Shaders</Filter>
    </FxCompile>
    <FxCompile Include="Resources\Shaders\LightingUtil.hlsl">
      <Filter>Resource Files\Shaders</Filter>
    </FxCompile>
    <FxCompile Include="Resources\Shaders\PickingVertex.hlsl">
      <Filter>Resource Files\Shaders</Filter>
    </FxCompile>
    <FxCompile Include="Resources\Shaders\ShadowDebug.hlsl">
      <Filter>Resource Files\Shaders</Filter>
    </FxCompile>
    <FxCompile Include="Resources\Shaders\Shadows.hlsl">
      <Filter>Resource Files\Shaders</Filter>
    </FxCompile>
    <FxCompile Include="Resources\Shaders\Sky.hlsl">
      <Filter>Resource Files\Shaders</Filter>
    </FxCompile>
    <FxCompile Include="Resources\Shaders\Ssao.hlsl">
      <Filter>Resource Files\Shaders</Filter>
    </FxCompile>
    <FxCompile Include="Resources\Shaders\SsaoBlur.hlsl">
      <Filter>Resource Files\Shaders</Filter>
    </FxCompile>
    <FxCompile Include="Resources\Shaders\Wireframe.hlsl">
      <Filter>Resource Files\Shaders</Filter>
    </FxCompile>
    <FxCompile Include="Resources\Shaders\Default.hlsl">
      <Filter>Resource Files\Shaders</Filter>
    </FxCompile>
    <FxCompile Include="Resources\Shaders\SimpleColoring.hlsl">
      <Filter>Resource Files\Shaders</Filter>
    </FxCompile>
    <FxCompile Include="Resources\Shaders\ColorRotationAngle.hlsl">
      <Filter>Resource Files\Shaders</Filter>
    </FxCompile>
    <FxCompile Include="Resources\Shaders\PickingEdge.hlsl">
      <Filter>Resource Files\Shaders</Filter>
    </FxCompile>
    <FxCompile Include="Resources\Shaders\PickingTriangle.hlsl">
      <Filter>Resource Files\Shaders</Filter>
    </FxCompile>
  </ItemGroup>
  <ItemGroup>
    <Image Include="..\Resources\Icon\app_logo.ico">
      <Filter>Resource Files\Icon</Filter>
    </Image>
  </ItemGroup>
  <ItemGroup>
    <ResourceCompile Include="IconResource\LisaApplication.rc">
      <Filter>Resource Files\Icon</Filter>
    </ResourceCompile>
  </ItemGroup>
</Project>